
Microsoft Visual Studio Solution File, Format Version 12.00
# Visual Studio Version 17
VisualStudioVersion = 17.9.34622.214
MinimumVisualStudioVersion = 10.0.40219.1
Project("{F184B08F-C81C-45F6-A57F-5ABD9991F28F}") = "Game Tebak Angka", "Game Tebak Angka\Game Tebak Angka.vbproj", "{7664B8D7-AD56-4B00-99A6-55F28892A529}"
EndProject
Global
	GlobalSection(SolutionConfigurationPlatforms) = preSolution
		Debug|Any CPU = Debug|Any CPU
		Release|Any CPU = Release|Any CPU
	EndGlobalSection
	GlobalSection(ProjectConfigurationPlatforms) = postSolution
		{7664B8D7-AD56-4B00-99A6-55F28892A529}.Debug|Any CPU.ActiveCfg = Debug|Any CPU
		{7664B8D7-AD56-4B00-99A6-55F28892A529}.Debug|Any CPU.Build.0 = Debug|Any CPU
		{7664B8D7-AD56-4B00-99A6-55F28892A529}.Release|Any CPU.ActiveCfg = Release|Any CPU
		{7664B8D7-AD56-4B00-99A6-55F28892A529}.Release|Any CPU.Build.0 = Release|Any CPU
	EndGlobalSection
	GlobalSection(SolutionProperties) = preSolution
		HideSolutionNode = FALSE
	EndGlobalSection
	GlobalSection(ExtensibilityGlobals) = postSolution
		SolutionGuid = {8668D5FE-1BD0-4349-89EF-EB17CA1FFD9E}
	EndGlobalSection
EndGlobal
